
Microsoft Visual Studio Solution File, Format Version 12.00
# Visual Studio Version 16
VisualStudioVersion = 16.0.29806.167
MinimumVisualStudioVersion = 10.0.40219.1
Project("{9A19103F-16F7-4668-BE54-9A1E7A4F7556}") = "SeaBattle.Domain", "SeaBattle.Domain\SeaBattle.Domain.csproj", "{21397F64-FAA6-44E6-BF01-8F887B6A237C}"
EndProject
Project("{9A19103F-16F7-4668-BE54-9A1E7A4F7556}") = "SeaBattle.Client", "SeaBattle.Client.Console\SeaBattle.Client.csproj", "{9B4C02DF-861C-4F5D-B093-C689392898B3}"
EndProject
Project("{9A19103F-16F7-4668-BE54-9A1E7A4F7556}") = "SeaBattle.Domain.Tests", "SeaBattle.Domain.Tests\SeaBattle.Domain.Tests.csproj", "{07FC213A-3B08-4F9F-BFE2-7F715C314679}"
EndProject
Project("{FAE04EC0-301F-11D3-BF4B-00C04F79EFBC}") = "SeaBattle.Client.Wpf", "SeaBattle.Client.Wpf\SeaBattle.Client.Wpf.csproj", "{F1CC592D-B4CA-41FB-A4E7-F13E0FC4564D}"
EndProject
Global
	GlobalSection(SolutionConfigurationPlatforms) = preSolution
		Debug|Any CPU = Debug|Any CPU
		Release|Any CPU = Release|Any CPU
	EndGlobalSection
	GlobalSection(ProjectConfigurationPlatforms) = postSolution
		{21397F64-FAA6-44E6-BF01-8F887B6A237C}.Debug|Any CPU.ActiveCfg = Debug|Any CPU
		{21397F64-FAA6-44E6-BF01-8F887B6A237C}.Debug|Any CPU.Build.0 = Debug|Any CPU
		{21397F64-FAA6-44E6-BF01-8F887B6A237C}.Release|Any CPU.ActiveCfg = Release|Any CPU
		{21397F64-FAA6-44E6-BF01-8F887B6A237C}.Release|Any CPU.Build.0 = Release|Any CPU
		{9B4C02DF-861C-4F5D-B093-C689392898B3}.Debug|Any CPU.ActiveCfg = Debug|Any CPU
		{9B4C02DF-861C-4F5D-B093-C689392898B3}.Debug|Any CPU.Build.0 = Debug|Any CPU
		{9B4C02DF-861C-4F5D-B093-C689392898B3}.Release|Any CPU.ActiveCfg = Release|Any CPU
		{9B4C02DF-861C-4F5D-B093-C689392898B3}.Release|Any CPU.Build.0 = Release|Any CPU
		{07FC213A-3B08-4F9F-BFE2-7F715C314679}.Debug|Any CPU.ActiveCfg = Debug|Any CPU
		{07FC213A-3B08-4F9F-BFE2-7F715C314679}.Debug|Any CPU.Build.0 = Debug|Any CPU
		{07FC213A-3B08-4F9F-BFE2-7F715C314679}.Release|Any CPU.ActiveCfg = Release|Any CPU
		{07FC213A-3B08-4F9F-BFE2-7F715C314679}.Release|Any CPU.Build.0 = Release|Any CPU
		{F1CC592D-B4CA-41FB-A4E7-F13E0FC4564D}.Debug|Any CPU.ActiveCfg = Debug|Any CPU
		{F1CC592D-B4CA-41FB-A4E7-F13E0FC4564D}.Debug|Any CPU.Build.0 = Debug|Any CPU
		{F1CC592D-B4CA-41FB-A4E7-F13E0FC4564D}.Release|Any CPU.ActiveCfg = Release|Any CPU
		{F1CC592D-B4CA-41FB-A4E7-F13E0FC4564D}.Release|Any CPU.Build.0 = Release|Any CPU
	EndGlobalSection
	GlobalSection(SolutionProperties) = preSolution
		HideSolutionNode = FALSE
	EndGlobalSection
	GlobalSection(ExtensibilityGlobals) = postSolution
		SolutionGuid = {71C77C9E-6603-4041-A22F-85726BF66091}
	EndGlobalSection
EndGlobal
